
Microsoft Visual Studio Solution File, Format Version 12.00
# Visual Studio Version 16
VisualStudioVersion = 16.0.31129.286
MinimumVisualStudioVersion = 10.0.40219.1
Project("{FAE04EC0-301F-11D3-BF4B-00C04F79EFBC}") = "AuthenticationAndAuthMvc", "AuthenticationAndAuthMvc\AuthenticationAndAuthMvc.csproj", "{87DA5436-13F7-4DAC-AAFB-ED7EC56B9576}"
EndProject
Project("{FAE04EC0-301F-11D3-BF4B-00C04F79EFBC}") = "AuthenticationAndAuthMvc.Tests", "AuthenticationAndAuthMvc.Tests\AuthenticationAndAuthMvc.Tests.csproj", "{02C857A7-978F-4999-9630-E8C84086E207}"
EndProject
Global
	GlobalSection(SolutionConfigurationPlatforms) = preSolution
		Debug|Any CPU = Debug|Any CPU
		Release|Any CPU = Release|Any CPU
	EndGlobalSection
	GlobalSection(ProjectConfigurationPlatforms) = postSolution
		{87DA5436-13F7-4DAC-AAFB-ED7EC56B9576}.Debug|Any CPU.ActiveCfg = Debug|Any CPU
		{87DA5436-13F7-4DAC-AAFB-ED7EC56B9576}.Debug|Any CPU.Build.0 = Debug|Any CPU
		{87DA5436-13F7-4DAC-AAFB-ED7EC56B9576}.Release|Any CPU.ActiveCfg = Release|Any CPU
		{87DA5436-13F7-4DAC-AAFB-ED7EC56B9576}.Release|Any CPU.Build.0 = Release|Any CPU
		{02C857A7-978F-4999-9630-E8C84086E207}.Debug|Any CPU.ActiveCfg = Debug|Any CPU
		{02C857A7-978F-4999-9630-E8C84086E207}.Debug|Any CPU.Build.0 = Debug|Any CPU
		{02C857A7-978F-4999-9630-E8C84086E207}.Release|Any CPU.ActiveCfg = Release|Any CPU
		{02C857A7-978F-4999-9630-E8C84086E207}.Release|Any CPU.Build.0 = Release|Any CPU
	EndGlobalSection
	GlobalSection(SolutionProperties) = preSolution
		HideSolutionNode = FALSE
	EndGlobalSection
	GlobalSection(ExtensibilityGlobals) = postSolution
		SolutionGuid = {B13C3EC4-1D61-45AF-9F2D-6189B3796F61}
	EndGlobalSection
EndGlobal
